
Microsoft Visual Studio Solution File, Format Version 12.00
Project("{FAE04EC0-301F-11D3-BF4B-00C04F79EFBC}") = "NetworkComClient", "NetworkComClient\NetworkComClient.csproj", "{BA05BE7F-D475-4152-AB27-6BA1303DA29F}"
EndProject
Project("{FAE04EC0-301F-11D3-BF4B-00C04F79EFBC}") = "NetworkComServer", "NetworkComServer\NetworkComServer.csproj", "{F452858D-1CB3-45DB-B961-B57B31892760}"
EndProject
Global
	GlobalSection(SolutionConfigurationPlatforms) = preSolution
		Debug|Any CPU = Debug|Any CPU
		Release|Any CPU = Release|Any CPU
	EndGlobalSection
	GlobalSection(ProjectConfigurationPlatforms) = postSolution
		{BA05BE7F-D475-4152-AB27-6BA1303DA29F}.Debug|Any CPU.ActiveCfg = Debug|Any CPU
		{BA05BE7F-D475-4152-AB27-6BA1303DA29F}.Debug|Any CPU.Build.0 = Debug|Any CPU
		{BA05BE7F-D475-4152-AB27-6BA1303DA29F}.Release|Any CPU.ActiveCfg = Release|Any CPU
		{BA05BE7F-D475-4152-AB27-6BA1303DA29F}.Release|Any CPU.Build.0 = Release|Any CPU
		{F452858D-1CB3-45DB-B961-B57B31892760}.Debug|Any CPU.ActiveCfg = Debug|Any CPU
		{F452858D-1CB3-45DB-B961-B57B31892760}.Debug|Any CPU.Build.0 = Debug|Any CPU
		{F452858D-1CB3-45DB-B961-B57B31892760}.Release|Any CPU.ActiveCfg = Release|Any CPU
		{F452858D-1CB3-45DB-B961-B57B31892760}.Release|Any CPU.Build.0 = Release|Any CPU
	EndGlobalSection
EndGlobal
